// !$*UTF8*$!
{
	archiveVersion = 1;
	classes = {
	};
	objectVersion = 51;
	objects = {

/* Begin PBXBuildFile section */
		F475807126A76F5700ECB671 /* AppDelegate.swift in Sources */ = {isa = PBXBuildFile; fileRef = F475807026A76F5700ECB671 /* AppDelegate.swift */; };
		F475807326A76F5700ECB671 /* ViewController.swift in Sources */ = {isa = PBXBuildFile; fileRef = F475807226A76F5700ECB671 /* ViewController.swift */; };
		F475807626A76F5700ECB671 /* Main.storyboard in Resources */ = {isa = PBXBuildFile; fileRef = F475807426A76F5700ECB671 /* Main.storyboard */; };
		F475807826A76F5900ECB671 /* Assets.xcassets in Resources */ = {isa = PBXBuildFile; fileRef = F475807726A76F5900ECB671 /* Assets.xcassets */; };
		F475807B26A76F5900ECB671 /* LaunchScreen.storyboard in Resources */ = {isa = PBXBuildFile; fileRef = F475807926A76F5900ECB671 /* LaunchScreen.storyboard */; };
		F475808626A76F5900ECB671 /* FinalProjectTests.swift in Sources */ = {isa = PBXBuildFile; fileRef = F475808526A76F5900ECB671 /* FinalProjectTests.swift */; };
		F475809126A76F5900ECB671 /* FinalProjectUITests.swift in Sources */ = {isa = PBXBuildFile; fileRef = F475809026A76F5900ECB671 /* FinalProjectUITests.swift */; };
/* End PBXBuildFile section */

/* Begin PBXContainerItemProxy section */
		F475808226A76F5900ECB671 /* PBXContainerItemProxy */ = {
			isa = PBXContainerItemProxy;
			containerPortal = F475806526A76F5700ECB671 /* Project object */;
			proxyType = 1;
			remoteGlobalIDString = F475806C26A76F5700ECB671;
			remoteInfo = FinalProject;
		};
		F475808D26A76F5900ECB671 /* PBXContainerItemProxy */ = {
			isa = PBXContainerItemProxy;
			containerPortal = F475806526A76F5700ECB671 /* Project object */;
			proxyType = 1;
			remoteGlobalIDString = F475806C26A76F5700ECB671;
			remoteInfo = FinalProject;
		};
/* End PBXContainerItemProxy section */

/* Begin PBXFileReference section */
		F475806D26A76F5700ECB671 /* FinalProject.app */ = {isa = PBXFileReference; explicitFileType = wrapper.application; includeInIndex = 0; path = FinalProject.app; sourceTree = BUILT_PRODUCTS_DIR; };
		F475807026A76F5700ECB671 /* AppDelegate.swift */ = {isa = PBXFileReference; lastKnownFileType = sourcecode.swift; path = AppDelegate.swift; sourceTree = "<group>"; };
		F475807226A76F5700ECB671 /* ViewController.swift */ = {isa = PBXFileReference; lastKnownFileType = sourcecode.swift; path = ViewController.swift; sourceTree = "<group>"; };
		F475807526A76F5700ECB671 /* Base */ = {isa = PBXFileReference; lastKnownFileType = file.storyboard; name = Base; path = Base.lproj/Main.storyboard; sourceTree = "<group>"; };
		F475807726A76F5900ECB671 /* Assets.xcassets */ = {isa = PBXFileReference; lastKnownFileType = folder.assetcatalog; path = Assets.xcassets; sourceTree = "<group>"; };
		F475807A26A76F5900ECB671 /* Base */ = {isa = PBXFileReference; lastKnownFileType = file.storyboard; name = Base; path = Base.lproj/LaunchScreen.storyboard; sourceTree = "<group>"; };
		F475807C26A76F5900ECB671 /* Info.plist */ = {isa = PBXFileReference; lastKnownFileType = text.plist.xml; path = Info.plist; sourceTree = "<group>"; };
		F475808126A76F5900ECB671 /* FinalProjectTests.xctest */ = {isa = PBXFileReference; explicitFileType = wrapper.cfbundle; includeInIndex = 0; path = FinalProjectTests.xctest; sourceTree = BUILT_PRODUCTS_DIR; };
		F475808526A76F5900ECB671 /* FinalProjectTests.swift */ = {isa = PBXFileReference; lastKnownFileType = sourcecode.swift; path = FinalProjectTests.swift; sourceTree = "<group>"; };
		F475808726A76F5900ECB671 /* Info.plist */ = {isa = PBXFileReference; lastKnownFileType = text.plist.xml; path = Info.plist; sourceTree = "<group>"; };
		F475808C26A76F5900ECB671 /* FinalProjectUITests.xctest */ = {isa = PBXFileReference; explicitFileType = wrapper.cfbundle; includeInIndex = 0; path = FinalProjectUITests.xctest; sourceTree = BUILT_PRODUCTS_DIR; };
		F475809026A76F5900ECB671 /* FinalProjectUITests.swift */ = {isa = PBXFileReference; lastKnownFileType = sourcecode.swift; path = FinalProjectUITests.swift; sourceTree = "<group>"; };
		F475809226A76F5900ECB671 /* Info.plist */ = {isa = PBXFileReference; lastKnownFileType = text.plist.xml; path = Info.plist; sourceTree = "<group>"; };
/* End PBXFileReference section */

/* Begin PBXFrameworksBuildPhase section */
		F475806A26A76F5700ECB671 /* Frameworks */ = {
			isa = PBXFrameworksBuildPhase;
			buildActionMask = 2147483647;
			files = (
			);
			runOnlyForDeploymentPostprocessing = 0;
		};
		F475807E26A76F5900ECB671 /* Frameworks */ = {
			isa = PBXFrameworksBuildPhase;
			buildActionMask = 2147483647;
			files = (
			);
			runOnlyForDeploymentPostprocessing = 0;
		};
		F475808926A76F5900ECB671 /* Frameworks */ = {
			isa = PBXFrameworksBuildPhase;
			buildActionMask = 2147483647;
			files = (
			);
			runOnlyForDeploymentPostprocessing = 0;
		};
/* End PBXFrameworksBuildPhase section */

/* Begin PBXGroup section */
		F475806426A76F5700ECB671 = {
			isa = PBXGroup;
			children = (
				F475806F26A76F5700ECB671 /* FinalProject */,
				F475808426A76F5900ECB671 /* FinalProjectTests */,
				F475808F26A76F5900ECB671 /* FinalProjectUITests */,
				F475806E26A76F5700ECB671 /* Products */,
			);
			sourceTree = "<group>";
		};
		F475806E26A76F5700ECB671 /* Products */ = {
			isa = PBXGroup;
			children = (
				F475806D26A76F5700ECB671 /* FinalProject.app */,
				F475808126A76F5900ECB671 /* FinalProjectTests.xctest */,
				F475808C26A76F5900ECB671 /* FinalProjectUITests.xctest */,
			);
			name = Products;
			sourceTree = "<group>";
		};
		F475806F26A76F5700ECB671 /* FinalProject */ = {
			isa = PBXGroup;
			children = (
				F475807026A76F5700ECB671 /* AppDelegate.swift */,
				F475807226A76F5700ECB671 /* ViewController.swift */,
				F475807426A76F5700ECB671 /* Main.storyboard */,
				F475807726A76F5900ECB671 /* Assets.xcassets */,
				F475807926A76F5900ECB671 /* LaunchScreen.storyboard */,
				F475807C26A76F5900ECB671 /* Info.plist */,
			);
			path = FinalProject;
			sourceTree = "<group>";
		};
		F475808426A76F5900ECB671 /* FinalProjectTests */ = {
			isa = PBXGroup;
			children = (
				F475808526A76F5900ECB671 /* FinalProjectTests.swift */,
				F475808726A76F5900ECB671 /* Info.plist */,
			);
			path = FinalProjectTests;
			sourceTree = "<group>";
		};
		F475808F26A76F5900ECB671 /* FinalProjectUITests */ = {
			isa = PBXGroup;
			children = (
				F475809026A76F5900ECB671 /* FinalProjectUITests.swift */,
				F475809226A76F5900ECB671 /* Info.plist */,
			);
			path = FinalProjectUITests;
			sourceTree = "<group>";
		};
/* End PBXGroup section */

/* Begin PBXNativeTarget section */
		F475806C26A76F5700ECB671 /* FinalProject */ = {
			isa = PBXNativeTarget;
			buildConfigurationList = F475809526A76F5900ECB671 /* Build configuration list for PBXNativeTarget "FinalProject" */;
			buildPhases = (
				F475806926A76F5700ECB671 /* Sources */,
				F475806A26A76F5700ECB671 /* Frameworks */,
				F475806B26A76F5700ECB671 /* Resources */,
			);
			buildRules = (
			);
			dependencies = (
			);
			name = FinalProject;
			productName = FinalProject;
			productReference = F475806D26A76F5700ECB671 /* FinalProject.app */;
			productType = "com.apple.product-type.application";
		};
		F475808026A76F5900ECB671 /* FinalProjectTests */ = {
			isa = PBXNativeTarget;
			buildConfigurationList = F475809826A76F5900ECB671 /* Build configuration list for PBXNativeTarget "FinalProjectTests" */;
			buildPhases = (
				F475807D26A76F5900ECB671 /* Sources */,
				F475807E26A76F5900ECB671 /* Frameworks */,
				F475807F26A76F5900ECB671 /* Resources */,
			);
			buildRules = (
			);
			dependencies = (
				F475808326A76F5900ECB671 /* PBXTargetDependency */,
			);
			name = FinalProjectTests;
			productName = FinalProjectTests;
			productReference = F475808126A76F5900ECB671 /* FinalProjectTests.xctest */;
			productType = "com.apple.product-type.bundle.unit-test";
		};
		F475808B26A76F5900ECB671 /* FinalProjectUITests */ = {
			isa = PBXNativeTarget;
			buildConfigurationList = F475809B26A76F5900ECB671 /* Build configuration list for PBXNativeTarget "FinalProjectUITests" */;
			buildPhases = (
				F475808826A76F5900ECB671 /* Sources */,
				F475808926A76F5900ECB671 /* Frameworks */,
				F475808A26A76F5900ECB671 /* Resources */,
			);
			buildRules = (
			);
			dependencies = (
				F475808E26A76F5900ECB671 /* PBXTargetDependency */,
			);
			name = FinalProjectUITests;
			productName = FinalProjectUITests;
			productReference = F475808C26A76F5900ECB671 /* FinalProjectUITests.xctest */;
			productType = "com.apple.product-type.bundle.ui-testing";
		};
/* End PBXNativeTarget section */

/* Begin PBXProject section */
		F475806526A76F5700ECB671 /* Project object */ = {
			isa = PBXProject;
			attributes = {
				LastSwiftUpdateCheck = 1000;
				LastUpgradeCheck = 1000;
				ORGANIZATIONNAME = "Millie Huang";
				TargetAttributes = {
					F475806C26A76F5700ECB671 = {
						CreatedOnToolsVersion = 10.0;
					};
					F475808026A76F5900ECB671 = {
						CreatedOnToolsVersion = 10.0;
						TestTargetID = F475806C26A76F5700ECB671;
					};
					F475808B26A76F5900ECB671 = {
						CreatedOnToolsVersion = 10.0;
						TestTargetID = F475806C26A76F5700ECB671;
					};
				};
			};
			buildConfigurationList = F475806826A76F5700ECB671 /* Build configuration list for PBXProject "FinalProject" */;
			compatibilityVersion = "Xcode 10.0";
			developmentRegion = en;
			hasScannedForEncodings = 0;
			knownRegions = (
				en,
				Base,
			);
			mainGroup = F475806426A76F5700ECB671;
			productRefGroup = F475806E26A76F5700ECB671 /* Products */;
			projectDirPath = "";
			projectRoot = "";
			targets = (
				F475806C26A76F5700ECB671 /* FinalProject */,
				F475808026A76F5900ECB671 /* FinalProjectTests */,
				F475808B26A76F5900ECB671 /* FinalProjectUITests */,
			);
		};
/* End PBXProject section */

/* Begin PBXResourcesBuildPhase section */
		F475806B26A76F5700ECB671 /* Resources */ = {
			isa = PBXResourcesBuildPhase;
			buildActionMask = 2147483647;
			files = (
				F475807B26A76F5900ECB671 /* LaunchScreen.storyboard in Resources */,
				F475807826A76F5900ECB671 /* Assets.xcassets in Resources */,
				F475807626A76F5700ECB671 /* Main.storyboard in Resources */,
			);
			runOnlyForDeploymentPostprocessing = 0;
		};
		F475807F26A76F5900ECB671 /* Resources */ = {
			isa = PBXResourcesBuildPhase;
			buildActionMask = 2147483647;
			files = (
			);
			runOnlyForDeploymentPostprocessing = 0;
		};
		F475808A26A76F5900ECB671 /* Resources */ = {
			isa = PBXResourcesBuildPhase;
			buildActionMask = 2147483647;
			files = (
			);
			runOnlyForDeploymentPostprocessing = 0;
		};
/* End PBXResourcesBuildPhase section */

/* Begin PBXSourcesBuildPhase section */
		F475806926A76F5700ECB671 /* Sources */ = {
			isa = PBXSourcesBuildPhase;
			buildActionMask = 2147483647;
			files = (
				F475807326A76F5700ECB671 /* ViewController.swift in Sources */,
				F475807126A76F5700ECB671 /* AppDelegate.swift in Sources */,
			);
			runOnlyForDeploymentPostprocessing = 0;
		};
		F475807D26A76F5900ECB671 /* Sources */ = {
			isa = PBXSourcesBuildPhase;
			buildActionMask = 2147483647;
			files = (
				F475808626A76F5900ECB671 /* FinalProjectTests.swift in Sources */,
			);
			runOnlyForDeploymentPostprocessing = 0;
		};
		F475808826A76F5900ECB671 /* Sources */ = {
			isa = PBXSourcesBuildPhase;
			buildActionMask = 2147483647;
			files = (
				F475809126A76F5900ECB671 /* FinalProjectUITests.swift in Sources */,
			);
			runOnlyForDeploymentPostprocessing = 0;
		};
/* End PBXSourcesBuildPhase section */

/* Begin PBXTargetDependency section */
		F475808326A76F5900ECB671 /* PBXTargetDependency */ = {
			isa = PBXTargetDependency;
			target = F475806C26A76F5700ECB671 /* FinalProject */;
			targetProxy = F475808226A76F5900ECB671 /* PBXContainerItemProxy */;
		};
		F475808E26A76F5900ECB671 /* PBXTargetDependency */ = {
			isa = PBXTargetDependency;
			target = F475806C26A76F5700ECB671 /* FinalProject */;
			targetProxy = F475808D26A76F5900ECB671 /* PBXContainerItemProxy */;
		};
/* End PBXTargetDependency section */

/* Begin PBXVariantGroup section */
		F475807426A76F5700ECB671 /* Main.storyboard */ = {
			isa = PBXVariantGroup;
			children = (
				F475807526A76F5700ECB671 /* Base */,
			);
			name = Main.storyboard;
			sourceTree = "<group>";
		};
		F475807926A76F5900ECB671 /* LaunchScreen.storyboard */ = {
			isa = PBXVariantGroup;
			children = (
				F475807A26A76F5900ECB671 /* Base */,
			);
			name = LaunchScreen.storyboard;
			sourceTree = "<group>";
		};
/* End PBXVariantGroup section */

/* Begin XCBuildConfiguration section */
		F475809326A76F5900ECB671 /* Debug */ = {
			isa = XCBuildConfiguration;
			buildSettings = {
				ALWAYS_SEARCH_USER_PATHS = NO;
				CLANG_ANALYZER_NONNULL = YES;
				CLANG_ANALYZER_NUMBER_OBJECT_CONVERSION = YES_AGGRESSIVE;
				CLANG_CXX_LANGUAGE_STANDARD = "gnu++14";
				CLANG_CXX_LIBRARY = "libc++";
				CLANG_ENABLE_MODULES = YES;
				CLANG_ENABLE_OBJC_ARC = YES;
				CLANG_ENABLE_OBJC_WEAK = YES;
				CLANG_WARN_BLOCK_CAPTURE_AUTORELEASING = YES;
				CLANG_WARN_BOOL_CONVERSION = YES;
				CLANG_WARN_COMMA = YES;
				CLANG_WARN_CONSTANT_CONVERSION = YES;
				CLANG_WARN_DEPRECATED_OBJC_IMPLEMENTATIONS = YES;
				CLANG_WARN_DIRECT_OBJC_ISA_USAGE = YES_ERROR;
				CLANG_WARN_DOCUMENTATION_COMMENTS = YES;
				CLANG_WARN_EMPTY_BODY = YES;
				CLANG_WARN_ENUM_CONVERSION = YES;
				CLANG_WARN_INFINITE_RECURSION = YES;
				CLANG_WARN_INT_CONVERSION = YES;
				CLANG_WARN_NON_LITERAL_NULL_CONVERSION = YES;
				CLANG_WARN_OBJC_IMPLICIT_RETAIN_SELF = YES;
				CLANG_WARN_OBJC_LITERAL_CONVERSION = YES;
				CLANG_WARN_OBJC_ROOT_CLASS = YES_ERROR;
				CLANG_WARN_RANGE_LOOP_ANALYSIS = YES;
				CLANG_WARN_STRICT_PROTOTYPES = YES;
				CLANG_WARN_SUSPICIOUS_MOVE = YES;
				CLANG_WARN_UNGUARDED_AVAILABILITY = YES_AGGRESSIVE;
				CLANG_WARN_UNREACHABLE_CODE = YES;
				CLANG_WARN__DUPLICATE_METHOD_MATCH = YES;
				CODE_SIGN_IDENTITY = "iPhone Developer";
				COPY_PHASE_STRIP = NO;
				DEBUG_INFORMATION_FORMAT = dwarf;
				ENABLE_STRICT_OBJC_MSGSEND = YES;
				ENABLE_TESTABILITY = YES;
				GCC_C_LANGUAGE_STANDARD = gnu11;
				GCC_DYNAMIC_NO_PIC = NO;
				GCC_NO_COMMON_BLOCKS = YES;
				GCC_OPTIMIZATION_LEVEL = 0;
				GCC_PREPROCESSOR_DEFINITIONS = (
					"DEBUG=1",
					"$(inherited)",
				);
				GCC_WARN_64_TO_32_BIT_CONVERSION = YES;
				GCC_WARN_ABOUT_RETURN_TYPE = YES_ERROR;
				GCC_WARN_UNDECLARED_SELECTOR = YES;
				GCC_WARN_UNINITIALIZED_AUTOS = YES_AGGRESSIVE;
				GCC_WARN_UNUSED_FUNCTION = YES;
				GCC_WARN_UNUSED_VARIABLE = YES;
				IPHONEOS_DEPLOYMENT_TARGET = 12.0;
				MTL_ENABLE_DEBUG_INFO = INCLUDE_SOURCE;
				MTL_FAST_MATH = YES;
				ONLY_ACTIVE_ARCH = YES;
				SDKROOT = iphoneos;
				SWIFT_ACTIVE_COMPILATION_CONDITIONS = DEBUG;
				SWIFT_OPTIMIZATION_LEVEL = "-Onone";
			};
			name = Debug;
		};
		F475809426A76F5900ECB671 /* Release */ = {
			isa = XCBuildConfiguration;
			buildSettings = {
				ALWAYS_SEARCH_USER_PATHS = NO;
				CLANG_ANALYZER_NONNULL = YES;
				CLANG_ANALYZER_NUMBER_OBJECT_CONVERSION = YES_AGGRESSIVE;
				CLANG_CXX_LANGUAGE_STANDARD = "gnu++14";
				CLANG_CXX_LIBRARY = "libc++";
				CLANG_ENABLE_MODULES = YES;
				CLANG_ENABLE_OBJC_ARC = YES;
				CLANG_ENABLE_OBJC_WEAK = YES;
				CLANG_WARN_BLOCK_CAPTURE_AUTORELEASING = YES;
				CLANG_WARN_BOOL_CONVERSION = YES;
				CLANG_WARN_COMMA = YES;
				CLANG_WARN_CONSTANT_CONVERSION = YES;
				CLANG_WARN_DEPRECATED_OBJC_IMPLEMENTATIONS = YES;
				CLANG_WARN_DIRECT_OBJC_ISA_USAGE = YES_ERROR;
				CLANG_WARN_DOCUMENTATION_COMMENTS = YES;
				CLANG_WARN_EMPTY_BODY = YES;
				CLANG_WARN_ENUM_CONVERSION = YES;
				CLANG_WARN_INFINITE_RECURSION = YES;
				CLANG_WARN_INT_CONVERSION = YES;
				CLANG_WARN_NON_LITERAL_NULL_CONVERSION = YES;
				CLANG_WARN_OBJC_IMPLICIT_RETAIN_SELF = YES;
				CLANG_WARN_OBJC_LITERAL_CONVERSION = YES;
				CLANG_WARN_OBJC_ROOT_CLASS = YES_ERROR;
				CLANG_WARN_RANGE_LOOP_ANALYSIS = YES;
				CLANG_WARN_STRICT_PROTOTYPES = YES;
				CLANG_WARN_SUSPICIOUS_MOVE = YES;
				CLANG_WARN_UNGUARDED_AVAILABILITY = YES_AGGRESSIVE;
				CLANG_WARN_UNREACHABLE_CODE = YES;
				CLANG_WARN__DUPLICATE_METHOD_MATCH = YES;
				CODE_SIGN_IDENTITY = "iPhone Developer";
				COPY_PHASE_STRIP = NO;
				DEBUG_INFORMATION_FORMAT = "dwarf-with-dsym";
				ENABLE_NS_ASSERTIONS = NO;
				ENABLE_STRICT_OBJC_MSGSEND = YES;
				GCC_C_LANGUAGE_STANDARD = gnu11;
				GCC_NO_COMMON_BLOCKS = YES;
				GCC_WARN_64_TO_32_BIT_CONVERSION = YES;
				GCC_WARN_ABOUT_RETURN_TYPE = YES_ERROR;
				GCC_WARN_UNDECLARED_SELECTOR = YES;
				GCC_WARN_UNINITIALIZED_AUTOS = YES_AGGRESSIVE;
				GCC_WARN_UNUSED_FUNCTION = YES;
				GCC_WARN_UNUSED_VARIABLE = YES;
				IPHONEOS_DEPLOYMENT_TARGET = 12.0;
				MTL_ENABLE_DEBUG_INFO = NO;
				MTL_FAST_MATH = YES;
				SDKROOT = iphoneos;
				SWIFT_COMPILATION_MODE = wholemodule;
				SWIFT_OPTIMIZATION_LEVEL = "-O";
				VALIDATE_PRODUCT = YES;
			};
			name = Release;
		};
		F475809626A76F5900ECB671 /* Debug */ = {
			isa = XCBuildConfiguration;
			buildSettings = {
				ASSETCATALOG_COMPILER_APPICON_NAME = AppIcon;
				CODE_SIGN_STYLE = Automatic;
				INFOPLIST_FILE = FinalProject/Info.plist;
				LD_RUNPATH_SEARCH_PATHS = (
					"$(inherited)",
					"@executable_path/Frameworks",
				);
				PRODUCT_BUNDLE_IDENTIFIER = "kwk-2021.FinalProject";
				PRODUCT_NAME = "$(TARGET_NAME)";
				SWIFT_VERSION = 4.2;
				TARGETED_DEVICE_FAMILY = "1,2";
			};
			name = Debug;
		};
		F475809726A76F5900ECB671 /* Release */ = {
			isa = XCBuildConfiguration;
			buildSettings = {
				ASSETCATALOG_COMPILER_APPICON_NAME = AppIcon;
				CODE_SIGN_STYLE = Automatic;
				INFOPLIST_FILE = FinalProject/Info.plist;
				LD_RUNPATH_SEARCH_PATHS = (
					"$(inherited)",
					"@executable_path/Frameworks",
				);
				PRODUCT_BUNDLE_IDENTIFIER = "kwk-2021.FinalProject";
				PRODUCT_NAME = "$(TARGET_NAME)";
				SWIFT_VERSION = 4.2;
				TARGETED_DEVICE_FAMILY = "1,2";
			};
			name = Release;
		};
		F475809926A76F5900ECB671 /* Debug */ = {
			isa = XCBuildConfiguration;
			buildSettings = {
				ALWAYS_EMBED_SWIFT_STANDARD_LIBRARIES = YES;
				BUNDLE_LOADER = "$(TEST_HOST)";
				CODE_SIGN_STYLE = Automatic;
				INFOPLIST_FILE = FinalProjectTests/Info.plist;
				LD_RUNPATH_SEARCH_PATHS = (
					"$(inherited)",
					"@executable_path/Frameworks",
					"@loader_path/Frameworks",
				);
				PRODUCT_BUNDLE_IDENTIFIER = "kwk-2021.FinalProjectTests";
				PRODUCT_NAME = "$(TARGET_NAME)";
				SWIFT_VERSION = 4.2;
				TARGETED_DEVICE_FAMILY = "1,2";
				TEST_HOST = "$(BUILT_PRODUCTS_DIR)/FinalProject.app/FinalProject";
			};
			name = Debug;
		};
		F475809A26A76F5900ECB671 /* Release */ = {
			isa = XCBuildConfiguration;
			buildSettings = {
				ALWAYS_EMBED_SWIFT_STANDARD_LIBRARIES = YES;
				BUNDLE_LOADER = "$(TEST_HOST)";
				CODE_SIGN_STYLE = Automatic;
				INFOPLIST_FILE = FinalProjectTests/Info.plist;
				LD_RUNPATH_SEARCH_PATHS = (
					"$(inherited)",
					"@executable_path/Frameworks",
					"@loader_path/Frameworks",
				);
				PRODUCT_BUNDLE_IDENTIFIER = "kwk-2021.FinalProjectTests";
				PRODUCT_NAME = "$(TARGET_NAME)";
				SWIFT_VERSION = 4.2;
				TARGETED_DEVICE_FAMILY = "1,2";
				TEST_HOST = "$(BUILT_PRODUCTS_DIR)/FinalProject.app/FinalProject";
			};
			name = Release;
		};
		F475809C26A76F5900ECB671 /* Debug */ = {
			isa = XCBuildConfiguration;
			buildSettings = {
				ALWAYS_EMBED_SWIFT_STANDARD_LIBRARIES = YES;
				CODE_SIGN_STYLE = Automatic;
				INFOPLIST_FILE = FinalProjectUITests/Info.plist;
				LD_RUNPATH_SEARCH_PATHS = (
					"$(inherited)",
					"@executable_path/Frameworks",
					"@loader_path/Frameworks",
				);
				PRODUCT_BUNDLE_IDENTIFIER = "kwk-2021.FinalProjectUITests";
				PRODUCT_NAME = "$(TARGET_NAME)";
				SWIFT_VERSION = 4.2;
				TARGETED_DEVICE_FAMILY = "1,2";
				TEST_TARGET_NAME = FinalProject;
			};
			name = Debug;
		};
		F475809D26A76F5900ECB671 /* Release */ = {
			isa = XCBuildConfiguration;
			buildSettings = {
				ALWAYS_EMBED_SWIFT_STANDARD_LIBRARIES = YES;
				CODE_SIGN_STYLE = Automatic;
				INFOPLIST_FILE = FinalProjectUITests/Info.plist;
				LD_RUNPATH_SEARCH_PATHS = (
					"$(inherited)",
					"@executable_path/Frameworks",
					"@loader_path/Frameworks",
				);
				PRODUCT_BUNDLE_IDENTIFIER = "kwk-2021.FinalProjectUITests";
				PRODUCT_NAME = "$(TARGET_NAME)";
				SWIFT_VERSION = 4.2;
				TARGETED_DEVICE_FAMILY = "1,2";
				TEST_TARGET_NAME = FinalProject;
			};
			name = Release;
		};
/* End XCBuildConfiguration section */

/* Begin XCConfigurationList section */
		F475806826A76F5700ECB671 /* Build configuration list for PBXProject "FinalProject" */ = {
			isa = XCConfigurationList;
			buildConfigurations = (
				F475809326A76F5900ECB671 /* Debug */,
				F475809426A76F5900ECB671 /* Release */,
			);
			defaultConfigurationIsVisible = 0;
			defaultConfigurationName = Release;
		};
		F475809526A76F5900ECB671 /* Build configuration list for PBXNativeTarget "FinalProject" */ = {
			isa = XCConfigurationList;
			buildConfigurations = (
				F475809626A76F5900ECB671 /* Debug */,
				F475809726A76F5900ECB671 /* Release */,
			);
			defaultConfigurationIsVisible = 0;
			defaultConfigurationName = Release;
		};
		F475809826A76F5900ECB671 /* Build configuration list for PBXNativeTarget "FinalProjectTests" */ = {
			isa = XCConfigurationList;
			buildConfigurations = (
				F475809926A76F5900ECB671 /* Debug */,
				F475809A26A76F5900ECB671 /* Release */,
			);
			defaultConfigurationIsVisible = 0;
			defaultConfigurationName = Release;
		};
		F475809B26A76F5900ECB671 /* Build configuration list for PBXNativeTarget "FinalProjectUITests" */ = {
			isa = XCConfigurationList;
			buildConfigurations = (
				F475809C26A76F5900ECB671 /* Debug */,
				F475809D26A76F5900ECB671 /* Release */,
			);
			defaultConfigurationIsVisible = 0;
			defaultConfigurationName = Release;
		};
/* End XCConfigurationList section */
	};
	rootObject = F475806526A76F5700ECB671 /* Project object */;
}
